
Microsoft Visual Studio Solution File, Format Version 12.00
# Visual Studio Version 17
VisualStudioVersion = 17.14.36301.6 d17.14
MinimumVisualStudioVersion = 10.0.40219.1
Project("{888888A0-9F3D-457C-B088-3A5042F75D52}") = "TpEstructurasCondicionales", "TpEstructurasCondicionales.pyproj", "{7FFDAC4A-9D05-4892-8F56-13FBFDE2F856}"
EndProject
Global
	GlobalSection(SolutionConfigurationPlatforms) = preSolution
		Debug|Any CPU = Debug|Any CPU
		Release|Any CPU = Release|Any CPU
	EndGlobalSection
	GlobalSection(ProjectConfigurationPlatforms) = postSolution
		{7FFDAC4A-9D05-4892-8F56-13FBFDE2F856}.Debug|Any CPU.ActiveCfg = Debug|Any CPU
		{7FFDAC4A-9D05-4892-8F56-13FBFDE2F856}.Release|Any CPU.ActiveCfg = Release|Any CPU
	EndGlobalSection
	GlobalSection(SolutionProperties) = preSolution
		HideSolutionNode = FALSE
	EndGlobalSection
	GlobalSection(ExtensibilityGlobals) = postSolution
		SolutionGuid = {6C22E792-0D51-487B-A16F-E36CD8ABC603}
	EndGlobalSection
EndGlobal
